
Microsoft Visual Studio Solution File, Format Version 12.00
# Visual Studio 14
VisualStudioVersion = 14.0.23107.0
MinimumVisualStudioVersion = 10.0.40219.1
Project("{2150E333-8FDC-42A3-9474-1A3956D46DE8}") = "References", "References", "{FC5D316C-D7B8-4986-9E91-D3784D4A8CBB}"
	ProjectSection(SolutionItems) = preProject
		References\Assembly-CSharp-firstpass.dll = References\Assembly-CSharp-firstpass.dll
		References\Assembly-CSharp.dll = References\Assembly-CSharp.dll
		References\Assembly-UnityScript-firstpass.dll = References\Assembly-UnityScript-firstpass.dll
		References\ColossalManaged.dll = References\ColossalManaged.dll
		References\ICities.dll = References\ICities.dll
		References\Mono.Posix.dll = References\Mono.Posix.dll
		References\Mono.Security.dll = References\Mono.Security.dll
		References\UnityEngine.Analytics.dll = References\UnityEngine.Analytics.dll
		References\UnityEngine.dll = References\UnityEngine.dll
		References\UnityEngine.Networking.dll = References\UnityEngine.Networking.dll
		References\UnityEngine.UI.dll = References\UnityEngine.UI.dll
		References\UnityEngine.xml = References\UnityEngine.xml
	EndProjectSection
EndProject
Project("{FAE04EC0-301F-11D3-BF4B-00C04F79EFBC}") = "NetworkExtensions", "Core\NetworkExtensions.csproj", "{19FA21B2-39CC-4B90-BE7E-B6BDCCB09208}"
EndProject
Project("{FAE04EC0-301F-11D3-BF4B-00C04F79EFBC}") = "ObjUnity3D", "ObjUnity3D\ObjUnity3D.csproj", "{97D70503-6567-41A1-92FC-66D813A53370}"
EndProject
Project("{FAE04EC0-301F-11D3-BF4B-00C04F79EFBC}") = "Externals", "Externals\Externals.csproj", "{7DCC08EF-DC85-47A4-BD6F-79FC52C7EF13}"
EndProject
Global
	GlobalSection(SolutionConfigurationPlatforms) = preSolution
		Debug|Any CPU = Debug|Any CPU
		Release|Any CPU = Release|Any CPU
	EndGlobalSection
	GlobalSection(ProjectConfigurationPlatforms) = postSolution
		{19FA21B2-39CC-4B90-BE7E-B6BDCCB09208}.Debug|Any CPU.ActiveCfg = Debug|Any CPU
		{19FA21B2-39CC-4B90-BE7E-B6BDCCB09208}.Debug|Any CPU.Build.0 = Debug|Any CPU
		{19FA21B2-39CC-4B90-BE7E-B6BDCCB09208}.Release|Any CPU.ActiveCfg = Release|Any CPU
		{19FA21B2-39CC-4B90-BE7E-B6BDCCB09208}.Release|Any CPU.Build.0 = Release|Any CPU
		{97D70503-6567-41A1-92FC-66D813A53370}.Debug|Any CPU.ActiveCfg = Debug|Any CPU
		{97D70503-6567-41A1-92FC-66D813A53370}.Debug|Any CPU.Build.0 = Debug|Any CPU
		{97D70503-6567-41A1-92FC-66D813A53370}.Release|Any CPU.ActiveCfg = Release|Any CPU
		{97D70503-6567-41A1-92FC-66D813A53370}.Release|Any CPU.Build.0 = Release|Any CPU
		{7DCC08EF-DC85-47A4-BD6F-79FC52C7EF13}.Debug|Any CPU.ActiveCfg = Debug|Any CPU
		{7DCC08EF-DC85-47A4-BD6F-79FC52C7EF13}.Debug|Any CPU.Build.0 = Debug|Any CPU
		{7DCC08EF-DC85-47A4-BD6F-79FC52C7EF13}.Release|Any CPU.ActiveCfg = Release|Any CPU
		{7DCC08EF-DC85-47A4-BD6F-79FC52C7EF13}.Release|Any CPU.Build.0 = Release|Any CPU
	EndGlobalSection
	GlobalSection(SolutionProperties) = preSolution
		HideSolutionNode = FALSE
	EndGlobalSection
EndGlobal
